{
  "version": 4,
  "terraform_version": "1.6.2",
  "serial": 5072,
  "lineage": "c8911cba-3270-337f-7ac1-8ef62658d68b",
  "outputs": {},
  "resources": [
    {
      "module": "module.database",
      "mode": "managed",
      "type": "aws_db_instance",
      "name": "cloudrds",
      "provider": "provider[\"registry.terraform.io/hashicorp/aws\"]",
      "instances": [
        {
          "schema_version": 1,
          "attributes": {
            "address": "awscloud-rds-instance.ctbch25irrvl.us-east-1.rds.amazonaws.com",
            "allocated_storage": 20,
            "allow_major_version_upgrade": null,
            "apply_immediately": false,
            "arn": "arn:aws:rds:us-east-1:215325206860:db:awscloud-rds-instance",
            "auto_minor_version_upgrade": true,
            "availability_zone": "us-east-1c",
            "backup_retention_period": 7,
            "backup_window": "05:26-05:56",
            "blue_green_update": [],
            "ca_cert_identifier": "rds-ca-2019",
            "character_set_name": "",
            "copy_tags_to_snapshot": false,
            "custom_iam_instance_profile": "",
            "customer_owned_ip_enabled": false,
            "db_name": "clouddatabaseInstance",
            "db_subnet_group_name": "cloud-db-subnet-group",
            "delete_automated_backups": true,
            "deletion_protection": false,
            "domain": "",
            "domain_iam_role_name": "",
            "enabled_cloudwatch_logs_exports": null,
            "endpoint": "awscloud-rds-instance.ctbch25irrvl.us-east-1.rds.amazonaws.com:5432",
            "engine": "postgres",
            "engine_version": "12",
            "engine_version_actual": "12.16",
            "final_snapshot_identifier": null,
            "hosted_zone_id": "Z2R2ITUGPM61AM",
            "iam_database_authentication_enabled": false,
            "id": "awscloud-rds-instance",
            "identifier": "awscloud-rds-instance",
            "identifier_prefix": "",
            "instance_class": "db.t3.micro",
            "iops": 0,
            "kms_key_id": "",
            "latest_restorable_time": "2023-12-14T18:00:03Z",
            "license_model": "postgresql-license",
            "listener_endpoint": [],
            "maintenance_window": "tue:04:32-tue:05:02",
            "manage_master_user_password": null,
            "master_user_secret": [],
            "master_user_secret_kms_key_id": null,
            "max_allocated_storage": 0,
            "monitoring_interval": 0,
            "monitoring_role_arn": "",
            "multi_az": true,
            "name": "clouddatabaseInstance",
            "nchar_character_set_name": "",
            "network_type": "IPV4",
            "option_group_name": "default:postgres-12",
            "parameter_group_name": "default.postgres12",
            "password": "welcome1234",
            "performance_insights_enabled": false,
            "performance_insights_kms_key_id": "",
            "performance_insights_retention_period": 0,
            "port": 5432,
            "publicly_accessible": false,
            "replica_mode": "",
            "replicas": [],
            "replicate_source_db": "",
            "resource_id": "db-V3WQFMYCTXV74OBGCJFGTXYUKY",
            "restore_to_point_in_time": [],
            "s3_import": [],
            "security_group_names": null,
            "skip_final_snapshot": true,
            "snapshot_identifier": null,
            "status": "available",
            "storage_encrypted": false,
            "storage_throughput": 0,
            "storage_type": "standard",
            "tags": {
              "Name": "AWSCloud_RDS"
            },
            "tags_all": {
              "Name": "AWSCloud_RDS"
            },
            "timeouts": null,
            "timezone": "",
            "username": "krushna",
            "vpc_security_group_ids": [
              "sg-011ca394aabddb6a6"
            ]
          },
          "sensitive_attributes": [
            [
              {
                "type": "get_attr",
                "value": "name"
              }
            ],
            [
              {
                "type": "get_attr",
                "value": "username"
              }
            ],
            [
              {
                "type": "get_attr",
                "value": "password"
              }
            ]
          ],
          "private": "eyJlMmJmYjczMC1lY2FhLTExZTYtOGY4OC0zNDM2M2JjN2M0YzAiOnsiY3JlYXRlIjoyNDAwMDAwMDAwMDAwLCJkZWxldGUiOjM2MDAwMDAwMDAwMDAsInVwZGF0ZSI6NDgwMDAwMDAwMDAwMH0sInNjaGVtYV92ZXJzaW9uIjoiMSJ9",
          "dependencies": [
            "module.database.aws_db_subnet_group.Cloud-DBSubnetGroup",
            "module.database.aws_security_group.cloudDBSecurityGroup",
            "module.vpc.aws_subnet.cloudPrivateSubnet1",
            "module.vpc.aws_subnet.cloudPrivateSubnet2",
            "module.vpc.aws_vpc.Cloud-VPC"
          ]
        }
      ]
    },
    {
      "module": "module.database",
      "mode": "managed",
      "type": "aws_db_instance",
      "name": "read_replica",
      "provider": "provider[\"registry.terraform.io/hashicorp/aws\"]",
      "instances": [
        {
          "schema_version": 1,
          "attributes": {
            "address": "awscloud-rds-replica.ctbch25irrvl.us-east-1.rds.amazonaws.com",
            "allocated_storage": 20,
            "allow_major_version_upgrade": null,
            "apply_immediately": false,
            "arn": "arn:aws:rds:us-east-1:215325206860:db:awscloud-rds-replica",
            "auto_minor_version_upgrade": true,
            "availability_zone": "us-east-1c",
            "backup_retention_period": 0,
            "backup_window": "05:26-05:56",
            "blue_green_update": [],
            "ca_cert_identifier": "rds-ca-2019",
            "character_set_name": "",
            "copy_tags_to_snapshot": false,
            "custom_iam_instance_profile": "",
            "customer_owned_ip_enabled": false,
            "db_name": "clouddatabaseInstance",
            "db_subnet_group_name": "cloud-db-subnet-group",
            "delete_automated_backups": true,
            "deletion_protection": false,
            "domain": "",
            "domain_iam_role_name": "",
            "enabled_cloudwatch_logs_exports": null,
            "endpoint": "awscloud-rds-replica.ctbch25irrvl.us-east-1.rds.amazonaws.com:5432",
            "engine": "postgres",
            "engine_version": "12.16",
            "engine_version_actual": "12.16",
            "final_snapshot_identifier": null,
            "hosted_zone_id": "Z2R2ITUGPM61AM",
            "iam_database_authentication_enabled": false,
            "id": "awscloud-rds-replica",
            "identifier": "awscloud-rds-replica",
            "identifier_prefix": "",
            "instance_class": "db.t3.micro",
            "iops": 0,
            "kms_key_id": "",
            "latest_restorable_time": "",
            "license_model": "postgresql-license",
            "listener_endpoint": [],
            "maintenance_window": "tue:04:32-tue:05:02",
            "manage_master_user_password": null,
            "master_user_secret": [],
            "master_user_secret_kms_key_id": null,
            "max_allocated_storage": 0,
            "monitoring_interval": 0,
            "monitoring_role_arn": "",
            "multi_az": false,
            "name": "clouddatabaseInstance",
            "nchar_character_set_name": "",
            "network_type": "IPV4",
            "option_group_name": "default:postgres-12",
            "parameter_group_name": "default.postgres12",
            "password": null,
            "performance_insights_enabled": false,
            "performance_insights_kms_key_id": "",
            "performance_insights_retention_period": 0,
            "port": 5432,
            "publicly_accessible": false,
            "replica_mode": "",
            "replicas": [],
            "replicate_source_db": "awscloud-rds-instance",
            "resource_id": "db-QIZD6N6J42J3QUCJ2HK6X3PQYA",
            "restore_to_point_in_time": [],
            "s3_import": [],
            "security_group_names": null,
            "skip_final_snapshot": true,
            "snapshot_identifier": null,
            "status": "available",
            "storage_encrypted": false,
            "storage_throughput": 0,
            "storage_type": "standard",
            "tags": {
              "Name": "AWSCloud_Replica",
              "Project": "Demo"
            },
            "tags_all": {
              "Name": "AWSCloud_Replica",
              "Project": "Demo"
            },
            "timeouts": null,
            "timezone": "",
            "username": "krushna",
            "vpc_security_group_ids": [
              "sg-011ca394aabddb6a6"
            ]
          },
          "sensitive_attributes": [],
          "private": "eyJlMmJmYjczMC1lY2FhLTExZTYtOGY4OC0zNDM2M2JjN2M0YzAiOnsiY3JlYXRlIjoyNDAwMDAwMDAwMDAwLCJkZWxldGUiOjM2MDAwMDAwMDAwMDAsInVwZGF0ZSI6NDgwMDAwMDAwMDAwMH0sInNjaGVtYV92ZXJzaW9uIjoiMSJ9",
          "dependencies": [
            "module.database.aws_db_instance.cloudrds",
            "module.database.aws_db_subnet_group.Cloud-DBSubnetGroup",
            "module.database.aws_security_group.cloudDBSecurityGroup",
            "module.vpc.aws_subnet.cloudPrivateSubnet1",
            "module.vpc.aws_subnet.cloudPrivateSubnet2",
            "module.vpc.aws_vpc.Cloud-VPC"
          ]
        }
      ]
    },
    {
      "module": "module.database",
      "mode": "managed",
      "type": "aws_db_subnet_group",
      "name": "Cloud-DBSubnetGroup",
      "provider": "provider[\"registry.terraform.io/hashicorp/aws\"]",
      "instances": [
        {
          "schema_version": 0,
          "attributes": {
            "arn": "arn:aws:rds:us-east-1:215325206860:subgrp:cloud-db-subnet-group",
            "description": "Managed by Terraform",
            "id": "cloud-db-subnet-group",
            "name": "cloud-db-subnet-group",
            "name_prefix": "",
            "subnet_ids": [
              "subnet-07029dc2f6897c589",
              "subnet-098d48a1b4aed8d58"
            ],
            "supported_network_types": [
              "IPV4"
            ],
            "tags": {
              "Name": "AWSCloud-DBSubnetGroup",
              "Project": "Demo"
            },
            "tags_all": {
              "Name": "AWSCloud-DBSubnetGroup",
              "Project": "Demo"
            },
            "vpc_id": "vpc-03021be1b2fbb250f"
          },
          "sensitive_attributes": [],
          "private": "bnVsbA==",
          "dependencies": [
            "module.vpc.aws_subnet.cloudPrivateSubnet1",
            "module.vpc.aws_subnet.cloudPrivateSubnet2",
            "module.vpc.aws_vpc.Cloud-VPC"
          ]
        }
      ]
    },
    {
      "module": "module.database",
      "mode": "managed",
      "type": "aws_security_group",
      "name": "cloudDBSecurityGroup",
      "provider": "provider[\"registry.terraform.io/hashicorp/aws\"]",
      "instances": [
        {
          "schema_version": 1,
          "attributes": {
            "arn": "arn:aws:ec2:us-east-1:215325206860:security-group/sg-011ca394aabddb6a6",
            "description": "Managed by Terraform",
            "egress": [],
            "id": "sg-011ca394aabddb6a6",
            "ingress": [
              {
                "cidr_blocks": [
                  "10.0.2.0/24",
                  "10.0.3.0/24"
                ],
                "description": "",
                "from_port": 5432,
                "ipv6_cidr_blocks": [],
                "prefix_list_ids": [],
                "protocol": "tcp",
                "security_groups": [],
                "self": false,
                "to_port": 5432
              }
            ],
            "name": "cloud-db-security-group",
            "name_prefix": "",
            "owner_id": "215325206860",
            "revoke_rules_on_delete": false,
            "tags": {
              "Name": "AWSCloud-DBSecurityGroup",
              "Project": "Demo"
            },
            "tags_all": {
              "Name": "AWSCloud-DBSecurityGroup",
              "Project": "Demo"
            },
            "timeouts": null,
            "vpc_id": "vpc-03021be1b2fbb250f"
          },
          "sensitive_attributes": [],
          "private": "eyJlMmJmYjczMC1lY2FhLTExZTYtOGY4OC0zNDM2M2JjN2M0YzAiOnsiY3JlYXRlIjo2MDAwMDAwMDAwMDAsImRlbGV0ZSI6OTAwMDAwMDAwMDAwfSwic2NoZW1hX3ZlcnNpb24iOiIxIn0=",
          "dependencies": [
            "module.vpc.aws_vpc.Cloud-VPC"
          ]
        }
      ]
    },
    {
      "module": "module.vpc",
      "mode": "managed",
      "type": "aws_eip",
      "name": "cloudNatGatewayEIP1",
      "provider": "provider[\"registry.terraform.io/hashicorp/aws\"]",
      "instances": [
        {
          "schema_version": 0,
          "attributes": {
            "address": null,
            "allocation_id": "eipalloc-064cd5f8223a121b4",
            "associate_with_private_ip": null,
            "association_id": "",
            "carrier_ip": "",
            "customer_owned_ip": "",
            "customer_owned_ipv4_pool": "",
            "domain": "vpc",
            "id": "eipalloc-064cd5f8223a121b4",
            "instance": "",
            "network_border_group": "us-east-1",
            "network_interface": "",
            "private_dns": null,
            "private_ip": "",
            "public_dns": "ec2-34-200-95-32.compute-1.amazonaws.com",
            "public_ip": "34.200.95.32",
            "public_ipv4_pool": "amazon",
            "tags": null,
            "tags_all": {},
            "timeouts": null,
            "vpc": true
          },
          "sensitive_attributes": [],
          "private": "eyJlMmJmYjczMC1lY2FhLTExZTYtOGY4OC0zNDM2M2JjN2M0YzAiOnsiZGVsZXRlIjoxODAwMDAwMDAwMDAsInJlYWQiOjkwMDAwMDAwMDAwMCwidXBkYXRlIjozMDAwMDAwMDAwMDB9fQ=="
        }
      ]
    },
    {
      "module": "module.vpc",
      "mode": "managed",
      "type": "aws_eip",
      "name": "cloudNatGatewayEIP2",
      "provider": "provider[\"registry.terraform.io/hashicorp/aws\"]",
      "instances": [
        {
          "schema_version": 0,
          "attributes": {
            "address": null,
            "allocation_id": "eipalloc-0e0855ec674ce8044",
            "associate_with_private_ip": null,
            "association_id": "",
            "carrier_ip": "",
            "customer_owned_ip": "",
            "customer_owned_ipv4_pool": "",
            "domain": "vpc",
            "id": "eipalloc-0e0855ec674ce8044",
            "instance": "",
            "network_border_group": "us-east-1",
            "network_interface": "",
            "private_dns": null,
            "private_ip": "",
            "public_dns": "ec2-54-159-125-19.compute-1.amazonaws.com",
            "public_ip": "54.159.125.19",
            "public_ipv4_pool": "amazon",
            "tags": null,
            "tags_all": {},
            "timeouts": null,
            "vpc": true
          },
          "sensitive_attributes": [],
          "private": "eyJlMmJmYjczMC1lY2FhLTExZTYtOGY4OC0zNDM2M2JjN2M0YzAiOnsiZGVsZXRlIjoxODAwMDAwMDAwMDAsInJlYWQiOjkwMDAwMDAwMDAwMCwidXBkYXRlIjozMDAwMDAwMDAwMDB9fQ=="
        }
      ]
    },
    {
      "module": "module.vpc",
      "mode": "managed",
      "type": "aws_internet_gateway",
      "name": "cloudIGW",
      "provider": "provider[\"registry.terraform.io/hashicorp/aws\"]",
      "instances": [
        {
          "schema_version": 0,
          "attributes": {
            "arn": "arn:aws:ec2:us-east-1:215325206860:internet-gateway/igw-01ef3d3ddf69927ee",
            "id": "igw-01ef3d3ddf69927ee",
            "owner_id": "215325206860",
            "tags": {
              "Name": "AWSCloud-IGW"
            },
            "tags_all": {
              "Name": "AWSCloud-IGW"
            },
            "timeouts": null,
            "vpc_id": "vpc-03021be1b2fbb250f"
          },
          "sensitive_attributes": [],
          "private": "eyJlMmJmYjczMC1lY2FhLTExZTYtOGY4OC0zNDM2M2JjN2M0YzAiOnsiY3JlYXRlIjoxMjAwMDAwMDAwMDAwLCJkZWxldGUiOjEyMDAwMDAwMDAwMDAsInVwZGF0ZSI6MTIwMDAwMDAwMDAwMH19",
          "dependencies": [
            "module.vpc.aws_vpc.Cloud-VPC"
          ]
        }
      ]
    },
    {
      "module": "module.vpc",
      "mode": "managed",
      "type": "aws_nat_gateway",
      "name": "cloudNatGateway1",
      "provider": "provider[\"registry.terraform.io/hashicorp/aws\"]",
      "instances": [
        {
          "schema_version": 0,
          "attributes": {
            "allocation_id": "eipalloc-064cd5f8223a121b4",
            "association_id": "eipassoc-07b41b40906ee0617",
            "connectivity_type": "public",
            "id": "nat-05d04911dc134224b",
            "network_interface_id": "eni-046dd758e40c0b3a3",
            "private_ip": "10.0.0.233",
            "public_ip": "34.200.95.32",
            "subnet_id": "subnet-04ed84a8825c5abbb",
            "tags": {
              "Name": "AWSCloud-NAtGateway1"
            },
            "tags_all": {
              "Name": "AWSCloud-NAtGateway1"
            }
          },
          "sensitive_attributes": [],
          "private": "bnVsbA==",
          "dependencies": [
            "module.vpc.aws_eip.cloudNatGatewayEIP1",
            "module.vpc.aws_subnet.cloudPublicSubnet1",
            "module.vpc.aws_vpc.Cloud-VPC"
          ]
        }
      ]
    },
    {
      "module": "module.vpc",
      "mode": "managed",
      "type": "aws_nat_gateway",
      "name": "cloudNatGateway2",
      "provider": "provider[\"registry.terraform.io/hashicorp/aws\"]",
      "instances": [
        {
          "schema_version": 0,
          "attributes": {
            "allocation_id": "eipalloc-0e0855ec674ce8044",
            "association_id": "eipassoc-0a9b92dbd204abb13",
            "connectivity_type": "public",
            "id": "nat-0369fa5e39b82aac2",
            "network_interface_id": "eni-0919c9b3488f1ae7f",
            "private_ip": "10.0.0.206",
            "public_ip": "54.159.125.19",
            "subnet_id": "subnet-04ed84a8825c5abbb",
            "tags": {
              "Name": "AWSCloud-NATGateway2"
            },
            "tags_all": {
              "Name": "AWSCloud-NATGateway2"
            }
          },
          "sensitive_attributes": [],
          "private": "bnVsbA==",
          "dependencies": [
            "module.vpc.aws_eip.cloudNatGatewayEIP2",
            "module.vpc.aws_subnet.cloudPublicSubnet1",
            "module.vpc.aws_vpc.Cloud-VPC"
          ]
        }
      ]
    },
    {
      "module": "module.vpc",
      "mode": "managed",
      "type": "aws_route_table",
      "name": "cloudPrivateRT1",
      "provider": "provider[\"registry.terraform.io/hashicorp/aws\"]",
      "instances": [
        {
          "schema_version": 0,
          "attributes": {
            "arn": "arn:aws:ec2:us-east-1:215325206860:route-table/rtb-0e11c46cd59e59628",
            "id": "rtb-0e11c46cd59e59628",
            "owner_id": "215325206860",
            "propagating_vgws": [],
            "route": [
              {
                "carrier_gateway_id": "",
                "cidr_block": "0.0.0.0/0",
                "core_network_arn": "",
                "destination_prefix_list_id": "",
                "egress_only_gateway_id": "",
                "gateway_id": "",
                "instance_id": "",
                "ipv6_cidr_block": "",
                "local_gateway_id": "",
                "nat_gateway_id": "nat-05d04911dc134224b",
                "network_interface_id": "",
                "transit_gateway_id": "",
                "vpc_endpoint_id": "",
                "vpc_peering_connection_id": ""
              }
            ],
            "tags": {
              "Name": "AWSCloud-PrivateRT1"
            },
            "tags_all": {
              "Name": "AWSCloud-PrivateRT1"
            },
            "timeouts": null,
            "vpc_id": "vpc-03021be1b2fbb250f"
          },
          "sensitive_attributes": [],
          "private": "eyJlMmJmYjczMC1lY2FhLTExZTYtOGY4OC0zNDM2M2JjN2M0YzAiOnsiY3JlYXRlIjozMDAwMDAwMDAwMDAsImRlbGV0ZSI6MzAwMDAwMDAwMDAwLCJ1cGRhdGUiOjEyMDAwMDAwMDAwMH19",
          "dependencies": [
            "module.vpc.aws_eip.cloudNatGatewayEIP1",
            "module.vpc.aws_nat_gateway.cloudNatGateway1",
            "module.vpc.aws_subnet.cloudPublicSubnet1",
            "module.vpc.aws_vpc.Cloud-VPC"
          ]
        }
      ]
    },
    {
      "module": "module.vpc",
      "mode": "managed",
      "type": "aws_route_table",
      "name": "cloudPrivateRT2",
      "provider": "provider[\"registry.terraform.io/hashicorp/aws\"]",
      "instances": [
        {
          "schema_version": 0,
          "attributes": {
            "arn": "arn:aws:ec2:us-east-1:215325206860:route-table/rtb-0cef0355b820809d8",
            "id": "rtb-0cef0355b820809d8",
            "owner_id": "215325206860",
            "propagating_vgws": [],
            "route": [
              {
                "carrier_gateway_id": "",
                "cidr_block": "0.0.0.0/0",
                "core_network_arn": "",
                "destination_prefix_list_id": "",
                "egress_only_gateway_id": "",
                "gateway_id": "",
                "instance_id": "",
                "ipv6_cidr_block": "",
                "local_gateway_id": "",
                "nat_gateway_id": "nat-0369fa5e39b82aac2",
                "network_interface_id": "",
                "transit_gateway_id": "",
                "vpc_endpoint_id": "",
                "vpc_peering_connection_id": ""
              }
            ],
            "tags": {
              "Name": "AWSCloud-PrivateRT2"
            },
            "tags_all": {
              "Name": "AWSCloud-PrivateRT2"
            },
            "timeouts": null,
            "vpc_id": "vpc-03021be1b2fbb250f"
          },
          "sensitive_attributes": [],
          "private": "eyJlMmJmYjczMC1lY2FhLTExZTYtOGY4OC0zNDM2M2JjN2M0YzAiOnsiY3JlYXRlIjozMDAwMDAwMDAwMDAsImRlbGV0ZSI6MzAwMDAwMDAwMDAwLCJ1cGRhdGUiOjEyMDAwMDAwMDAwMH19",
          "dependencies": [
            "module.vpc.aws_eip.cloudNatGatewayEIP2",
            "module.vpc.aws_nat_gateway.cloudNatGateway2",
            "module.vpc.aws_subnet.cloudPublicSubnet1",
            "module.vpc.aws_vpc.Cloud-VPC"
          ]
        }
      ]
    },
    {
      "module": "module.vpc",
      "mode": "managed",
      "type": "aws_route_table",
      "name": "cloudPublicRT",
      "provider": "provider[\"registry.terraform.io/hashicorp/aws\"]",
      "instances": [
        {
          "schema_version": 0,
          "attributes": {
            "arn": "arn:aws:ec2:us-east-1:215325206860:route-table/rtb-040d7383f6e1f26fb",
            "id": "rtb-040d7383f6e1f26fb",
            "owner_id": "215325206860",
            "propagating_vgws": [],
            "route": [
              {
                "carrier_gateway_id": "",
                "cidr_block": "0.0.0.0/0",
                "core_network_arn": "",
                "destination_prefix_list_id": "",
                "egress_only_gateway_id": "",
                "gateway_id": "igw-01ef3d3ddf69927ee",
                "instance_id": "",
                "ipv6_cidr_block": "",
                "local_gateway_id": "",
                "nat_gateway_id": "",
                "network_interface_id": "",
                "transit_gateway_id": "",
                "vpc_endpoint_id": "",
                "vpc_peering_connection_id": ""
              }
            ],
            "tags": {
              "Name": "AWSCloud-PublicRT"
            },
            "tags_all": {
              "Name": "AWSCloud-PublicRT"
            },
            "timeouts": null,
            "vpc_id": "vpc-03021be1b2fbb250f"
          },
          "sensitive_attributes": [],
          "private": "eyJlMmJmYjczMC1lY2FhLTExZTYtOGY4OC0zNDM2M2JjN2M0YzAiOnsiY3JlYXRlIjozMDAwMDAwMDAwMDAsImRlbGV0ZSI6MzAwMDAwMDAwMDAwLCJ1cGRhdGUiOjEyMDAwMDAwMDAwMH19",
          "dependencies": [
            "module.vpc.aws_internet_gateway.cloudIGW",
            "module.vpc.aws_vpc.Cloud-VPC"
          ]
        }
      ]
    },
    {
      "module": "module.vpc",
      "mode": "managed",
      "type": "aws_route_table_association",
      "name": "cloudPrivateRTassociation1",
      "provider": "provider[\"registry.terraform.io/hashicorp/aws\"]",
      "instances": [
        {
          "schema_version": 0,
          "attributes": {
            "gateway_id": "",
            "id": "rtbassoc-0707f4b2efa332f5c",
            "route_table_id": "rtb-0e11c46cd59e59628",
            "subnet_id": "subnet-098d48a1b4aed8d58",
            "timeouts": null
          },
          "sensitive_attributes": [],
          "private": "eyJlMmJmYjczMC1lY2FhLTExZTYtOGY4OC0zNDM2M2JjN2M0YzAiOnsiY3JlYXRlIjozMDAwMDAwMDAwMDAsImRlbGV0ZSI6MzAwMDAwMDAwMDAwLCJ1cGRhdGUiOjEyMDAwMDAwMDAwMH19",
          "dependencies": [
            "module.vpc.aws_eip.cloudNatGatewayEIP1",
            "module.vpc.aws_nat_gateway.cloudNatGateway1",
            "module.vpc.aws_route_table.cloudPrivateRT1",
            "module.vpc.aws_subnet.cloudPrivateSubnet1",
            "module.vpc.aws_subnet.cloudPublicSubnet1",
            "module.vpc.aws_vpc.Cloud-VPC"
          ]
        }
      ]
    },
    {
      "module": "module.vpc",
      "mode": "managed",
      "type": "aws_route_table_association",
      "name": "cloudPrivateRTassociation2",
      "provider": "provider[\"registry.terraform.io/hashicorp/aws\"]",
      "instances": [
        {
          "schema_version": 0,
          "attributes": {
            "gateway_id": "",
            "id": "rtbassoc-017a2f12f33571ae8",
            "route_table_id": "rtb-0cef0355b820809d8",
            "subnet_id": "subnet-07029dc2f6897c589",
            "timeouts": null
          },
          "sensitive_attributes": [],
          "private": "eyJlMmJmYjczMC1lY2FhLTExZTYtOGY4OC0zNDM2M2JjN2M0YzAiOnsiY3JlYXRlIjozMDAwMDAwMDAwMDAsImRlbGV0ZSI6MzAwMDAwMDAwMDAwLCJ1cGRhdGUiOjEyMDAwMDAwMDAwMH19",
          "dependencies": [
            "module.vpc.aws_eip.cloudNatGatewayEIP2",
            "module.vpc.aws_nat_gateway.cloudNatGateway2",
            "module.vpc.aws_route_table.cloudPrivateRT2",
            "module.vpc.aws_subnet.cloudPrivateSubnet2",
            "module.vpc.aws_subnet.cloudPublicSubnet1",
            "module.vpc.aws_vpc.Cloud-VPC"
          ]
        }
      ]
    },
    {
      "module": "module.vpc",
      "mode": "managed",
      "type": "aws_route_table_association",
      "name": "cloudPublicRTassociation1",
      "provider": "provider[\"registry.terraform.io/hashicorp/aws\"]",
      "instances": [
        {
          "schema_version": 0,
          "attributes": {
            "gateway_id": "",
            "id": "rtbassoc-0aab83e5e10e43e63",
            "route_table_id": "rtb-040d7383f6e1f26fb",
            "subnet_id": "subnet-04ed84a8825c5abbb",
            "timeouts": null
          },
          "sensitive_attributes": [],
          "private": "eyJlMmJmYjczMC1lY2FhLTExZTYtOGY4OC0zNDM2M2JjN2M0YzAiOnsiY3JlYXRlIjozMDAwMDAwMDAwMDAsImRlbGV0ZSI6MzAwMDAwMDAwMDAwLCJ1cGRhdGUiOjEyMDAwMDAwMDAwMH19",
          "dependencies": [
            "module.vpc.aws_internet_gateway.cloudIGW",
            "module.vpc.aws_route_table.cloudPublicRT",
            "module.vpc.aws_subnet.cloudPublicSubnet1",
            "module.vpc.aws_vpc.Cloud-VPC"
          ]
        }
      ]
    },
    {
      "module": "module.vpc",
      "mode": "managed",
      "type": "aws_route_table_association",
      "name": "cloudPublicRTassociation2",
      "provider": "provider[\"registry.terraform.io/hashicorp/aws\"]",
      "instances": [
        {
          "schema_version": 0,
          "attributes": {
            "gateway_id": "",
            "id": "rtbassoc-00d6233b96c448453",
            "route_table_id": "rtb-040d7383f6e1f26fb",
            "subnet_id": "subnet-055543af149d2e77b",
            "timeouts": null
          },
          "sensitive_attributes": [],
          "private": "eyJlMmJmYjczMC1lY2FhLTExZTYtOGY4OC0zNDM2M2JjN2M0YzAiOnsiY3JlYXRlIjozMDAwMDAwMDAwMDAsImRlbGV0ZSI6MzAwMDAwMDAwMDAwLCJ1cGRhdGUiOjEyMDAwMDAwMDAwMH19",
          "dependencies": [
            "module.vpc.aws_internet_gateway.cloudIGW",
            "module.vpc.aws_route_table.cloudPublicRT",
            "module.vpc.aws_subnet.cloudPublicSubnet2",
            "module.vpc.aws_vpc.Cloud-VPC"
          ]
        }
      ]
    },
    {
      "module": "module.vpc",
      "mode": "managed",
      "type": "aws_subnet",
      "name": "cloudPrivateSubnet1",
      "provider": "provider[\"registry.terraform.io/hashicorp/aws\"]",
      "instances": [
        {
          "schema_version": 1,
          "attributes": {
            "arn": "arn:aws:ec2:us-east-1:215325206860:subnet/subnet-098d48a1b4aed8d58",
            "assign_ipv6_address_on_creation": false,
            "availability_zone": "us-east-1b",
            "availability_zone_id": "use1-az4",
            "cidr_block": "10.0.2.0/24",
            "customer_owned_ipv4_pool": "",
            "enable_dns64": false,
            "enable_lni_at_device_index": 0,
            "enable_resource_name_dns_a_record_on_launch": false,
            "enable_resource_name_dns_aaaa_record_on_launch": false,
            "id": "subnet-098d48a1b4aed8d58",
            "ipv6_cidr_block": "",
            "ipv6_cidr_block_association_id": "",
            "ipv6_native": false,
            "map_customer_owned_ip_on_launch": false,
            "map_public_ip_on_launch": false,
            "outpost_arn": "",
            "owner_id": "215325206860",
            "private_dns_hostname_type_on_launch": "ip-name",
            "tags": {
              "Name": "AWSCloud-PrivateSubnet1"
            },
            "tags_all": {
              "Name": "AWSCloud-PrivateSubnet1"
            },
            "timeouts": null,
            "vpc_id": "vpc-03021be1b2fbb250f"
          },
          "sensitive_attributes": [],
          "private": "eyJlMmJmYjczMC1lY2FhLTExZTYtOGY4OC0zNDM2M2JjN2M0YzAiOnsiY3JlYXRlIjo2MDAwMDAwMDAwMDAsImRlbGV0ZSI6MTIwMDAwMDAwMDAwMH0sInNjaGVtYV92ZXJzaW9uIjoiMSJ9",
          "dependencies": [
            "module.vpc.aws_vpc.Cloud-VPC"
          ]
        }
      ]
    },
    {
      "module": "module.vpc",
      "mode": "managed",
      "type": "aws_subnet",
      "name": "cloudPrivateSubnet2",
      "provider": "provider[\"registry.terraform.io/hashicorp/aws\"]",
      "instances": [
        {
          "schema_version": 1,
          "attributes": {
            "arn": "arn:aws:ec2:us-east-1:215325206860:subnet/subnet-07029dc2f6897c589",
            "assign_ipv6_address_on_creation": false,
            "availability_zone": "us-east-1c",
            "availability_zone_id": "use1-az6",
            "cidr_block": "10.0.3.0/24",
            "customer_owned_ipv4_pool": "",
            "enable_dns64": false,
            "enable_lni_at_device_index": 0,
            "enable_resource_name_dns_a_record_on_launch": false,
            "enable_resource_name_dns_aaaa_record_on_launch": false,
            "id": "subnet-07029dc2f6897c589",
            "ipv6_cidr_block": "",
            "ipv6_cidr_block_association_id": "",
            "ipv6_native": false,
            "map_customer_owned_ip_on_launch": false,
            "map_public_ip_on_launch": false,
            "outpost_arn": "",
            "owner_id": "215325206860",
            "private_dns_hostname_type_on_launch": "ip-name",
            "tags": {
              "Name": "AWSCloud-PrivateSubnet2"
            },
            "tags_all": {
              "Name": "AWSCloud-PrivateSubnet2"
            },
            "timeouts": null,
            "vpc_id": "vpc-03021be1b2fbb250f"
          },
          "sensitive_attributes": [],
          "private": "eyJlMmJmYjczMC1lY2FhLTExZTYtOGY4OC0zNDM2M2JjN2M0YzAiOnsiY3JlYXRlIjo2MDAwMDAwMDAwMDAsImRlbGV0ZSI6MTIwMDAwMDAwMDAwMH0sInNjaGVtYV92ZXJzaW9uIjoiMSJ9",
          "dependencies": [
            "module.vpc.aws_vpc.Cloud-VPC"
          ]
        }
      ]
    },
    {
      "module": "module.vpc",
      "mode": "managed",
      "type": "aws_subnet",
      "name": "cloudPublicSubnet1",
      "provider": "provider[\"registry.terraform.io/hashicorp/aws\"]",
      "instances": [
        {
          "schema_version": 1,
          "attributes": {
            "arn": "arn:aws:ec2:us-east-1:215325206860:subnet/subnet-04ed84a8825c5abbb",
            "assign_ipv6_address_on_creation": false,
            "availability_zone": "us-east-1b",
            "availability_zone_id": "use1-az4",
            "cidr_block": "10.0.0.0/24",
            "customer_owned_ipv4_pool": "",
            "enable_dns64": false,
            "enable_lni_at_device_index": 0,
            "enable_resource_name_dns_a_record_on_launch": false,
            "enable_resource_name_dns_aaaa_record_on_launch": false,
            "id": "subnet-04ed84a8825c5abbb",
            "ipv6_cidr_block": "",
            "ipv6_cidr_block_association_id": "",
            "ipv6_native": false,
            "map_customer_owned_ip_on_launch": false,
            "map_public_ip_on_launch": false,
            "outpost_arn": "",
            "owner_id": "215325206860",
            "private_dns_hostname_type_on_launch": "ip-name",
            "tags": {
              "Name": "AWSCloud-PublicSubnet1"
            },
            "tags_all": {
              "Name": "AWSCloud-PublicSubnet1"
            },
            "timeouts": null,
            "vpc_id": "vpc-03021be1b2fbb250f"
          },
          "sensitive_attributes": [],
          "private": "eyJlMmJmYjczMC1lY2FhLTExZTYtOGY4OC0zNDM2M2JjN2M0YzAiOnsiY3JlYXRlIjo2MDAwMDAwMDAwMDAsImRlbGV0ZSI6MTIwMDAwMDAwMDAwMH0sInNjaGVtYV92ZXJzaW9uIjoiMSJ9",
          "dependencies": [
            "module.vpc.aws_vpc.Cloud-VPC"
          ]
        }
      ]
    },
    {
      "module": "module.vpc",
      "mode": "managed",
      "type": "aws_subnet",
      "name": "cloudPublicSubnet2",
      "provider": "provider[\"registry.terraform.io/hashicorp/aws\"]",
      "instances": [
        {
          "schema_version": 1,
          "attributes": {
            "arn": "arn:aws:ec2:us-east-1:215325206860:subnet/subnet-055543af149d2e77b",
            "assign_ipv6_address_on_creation": false,
            "availability_zone": "us-east-1c",
            "availability_zone_id": "use1-az6",
            "cidr_block": "10.0.1.0/24",
            "customer_owned_ipv4_pool": "",
            "enable_dns64": false,
            "enable_lni_at_device_index": 0,
            "enable_resource_name_dns_a_record_on_launch": false,
            "enable_resource_name_dns_aaaa_record_on_launch": false,
            "id": "subnet-055543af149d2e77b",
            "ipv6_cidr_block": "",
            "ipv6_cidr_block_association_id": "",
            "ipv6_native": false,
            "map_customer_owned_ip_on_launch": false,
            "map_public_ip_on_launch": false,
            "outpost_arn": "",
            "owner_id": "215325206860",
            "private_dns_hostname_type_on_launch": "ip-name",
            "tags": {
              "Name": "AWSCloud-PublicSubnet2"
            },
            "tags_all": {
              "Name": "AWSCloud-PublicSubnet2"
            },
            "timeouts": null,
            "vpc_id": "vpc-03021be1b2fbb250f"
          },
          "sensitive_attributes": [],
          "private": "eyJlMmJmYjczMC1lY2FhLTExZTYtOGY4OC0zNDM2M2JjN2M0YzAiOnsiY3JlYXRlIjo2MDAwMDAwMDAwMDAsImRlbGV0ZSI6MTIwMDAwMDAwMDAwMH0sInNjaGVtYV92ZXJzaW9uIjoiMSJ9",
          "dependencies": [
            "module.vpc.aws_vpc.Cloud-VPC"
          ]
        }
      ]
    },
    {
      "module": "module.vpc",
      "mode": "managed",
      "type": "aws_vpc",
      "name": "Cloud-VPC",
      "provider": "provider[\"registry.terraform.io/hashicorp/aws\"]",
      "instances": [
        {
          "schema_version": 1,
          "attributes": {
            "arn": "arn:aws:ec2:us-east-1:215325206860:vpc/vpc-03021be1b2fbb250f",
            "assign_generated_ipv6_cidr_block": false,
            "cidr_block": "10.0.0.0/16",
            "default_network_acl_id": "acl-0fad5ea3159e5fc3e",
            "default_route_table_id": "rtb-023ab6845e5f3d009",
            "default_security_group_id": "sg-0d5f96f250754dd8d",
            "dhcp_options_id": "dopt-0050825af4a1d38a5",
            "enable_classiclink": false,
            "enable_classiclink_dns_support": false,
            "enable_dns_hostnames": false,
            "enable_dns_support": true,
            "enable_network_address_usage_metrics": false,
            "id": "vpc-03021be1b2fbb250f",
            "instance_tenancy": "default",
            "ipv4_ipam_pool_id": null,
            "ipv4_netmask_length": null,
            "ipv6_association_id": "",
            "ipv6_cidr_block": "",
            "ipv6_cidr_block_network_border_group": "",
            "ipv6_ipam_pool_id": "",
            "ipv6_netmask_length": 0,
            "main_route_table_id": "rtb-023ab6845e5f3d009",
            "owner_id": "215325206860",
            "tags": {
              "Name": "AWSCloud-VPC"
            },
            "tags_all": {
              "Name": "AWSCloud-VPC"
            }
          },
          "sensitive_attributes": [],
          "private": "eyJzY2hlbWFfdmVyc2lvbiI6IjEifQ=="
        }
      ]
    },
    {
      "module": "module.webserver",
      "mode": "managed",
      "type": "aws_autoscaling_group",
      "name": "webserver_asg",
      "provider": "provider[\"registry.terraform.io/hashicorp/aws\"]",
      "instances": [
        {
          "schema_version": 0,
          "attributes": {
            "arn": "arn:aws:autoscaling:us-east-1:215325206860:autoScalingGroup:92dbd1f9-17f2-4e18-b672-5e93a4b56bb7:autoScalingGroupName/AWSCloud-WebSever",
            "availability_zones": [
              "us-east-1b",
              "us-east-1c"
            ],
            "capacity_rebalance": false,
            "context": "",
            "default_cooldown": 300,
            "default_instance_warmup": 0,
            "desired_capacity": 3,
            "desired_capacity_type": "",
            "enabled_metrics": null,
            "force_delete": false,
            "force_delete_warm_pool": false,
            "health_check_grace_period": 300,
            "health_check_type": "ELB",
            "id": "AWSCloud-WebSever",
            "initial_lifecycle_hook": [],
            "instance_refresh": [],
            "launch_configuration": "",
            "launch_template": [
              {
                "id": "lt-0416bc687607383ce",
                "name": "terraform-20231214174747983600000004",
                "version": "$Latest"
              }
            ],
            "load_balancers": null,
            "max_instance_lifetime": 0,
            "max_size": 5,
            "metrics_granularity": "1Minute",
            "min_elb_capacity": null,
            "min_size": 1,
            "mixed_instances_policy": [],
            "name": "AWSCloud-WebSever",
            "name_prefix": "",
            "placement_group": "",
            "predicted_capacity": 0,
            "protect_from_scale_in": false,
            "service_linked_role_arn": "arn:aws:iam::215325206860:role/aws-service-role/autoscaling.amazonaws.com/AWSServiceRoleForAutoScaling",
            "suspended_processes": null,
            "tag": [],
            "tags": [
              {
                "key": "Name",
                "propagate_at_launch": "true",
                "value": "AWSCloud-Webserver"
              }
            ],
            "target_group_arns": [
              "arn:aws:elasticloadbalancing:us-east-1:215325206860:targetgroup/AWSCloud-TargetGroup/1cf0b2ba7c6f7940"
            ],
            "termination_policies": [
              "OldestLaunchConfiguration"
            ],
            "timeouts": null,
            "vpc_zone_identifier": [
              "subnet-04ed84a8825c5abbb",
              "subnet-055543af149d2e77b"
            ],
            "wait_for_capacity_timeout": "10m",
            "wait_for_elb_capacity": null,
            "warm_pool": [],
            "warm_pool_size": 0
          },
          "sensitive_attributes": [],
          "private": "eyJlMmJmYjczMC1lY2FhLTExZTYtOGY4OC0zNDM2M2JjN2M0YzAiOnsiZGVsZXRlIjo2MDAwMDAwMDAwMDAsInVwZGF0ZSI6NjAwMDAwMDAwMDAwfX0=",
          "dependencies": [
            "module.vpc.aws_subnet.cloudPublicSubnet1",
            "module.vpc.aws_subnet.cloudPublicSubnet2",
            "module.vpc.aws_vpc.Cloud-VPC",
            "module.webserver.aws_launch_template.webserver_lt",
            "module.webserver.aws_lb_target_group.cloudTargetGroup",
            "module.webserver.aws_security_group.cloudWebserverSecurityGroup"
          ]
        }
      ]
    },
    {
      "module": "module.webserver",
      "mode": "managed",
      "type": "aws_autoscaling_policy",
      "name": "webserver_scaling_down",
      "provider": "provider[\"registry.terraform.io/hashicorp/aws\"]",
      "instances": [
        {
          "schema_version": 0,
          "attributes": {
            "adjustment_type": "ChangeInCapacity",
            "arn": "arn:aws:autoscaling:us-east-1:215325206860:scalingPolicy:39b40e10-9a22-44aa-8ba1-2c202cd94509:autoScalingGroupName/AWSCloud-WebSever:policyName/webserver-scaling-down",
            "autoscaling_group_name": "AWSCloud-WebSever",
            "cooldown": 0,
            "enabled": true,
            "estimated_instance_warmup": 0,
            "id": "webserver-scaling-down",
            "metric_aggregation_type": "",
            "min_adjustment_magnitude": 0,
            "name": "webserver-scaling-down",
            "policy_type": "SimpleScaling",
            "predictive_scaling_configuration": [],
            "scaling_adjustment": -1,
            "step_adjustment": [],
            "target_tracking_configuration": []
          },
          "sensitive_attributes": [],
          "private": "bnVsbA==",
          "dependencies": [
            "module.vpc.aws_subnet.cloudPublicSubnet1",
            "module.vpc.aws_subnet.cloudPublicSubnet2",
            "module.vpc.aws_vpc.Cloud-VPC",
            "module.webserver.aws_autoscaling_group.webserver_asg",
            "module.webserver.aws_launch_template.webserver_lt",
            "module.webserver.aws_lb_target_group.cloudTargetGroup",
            "module.webserver.aws_security_group.cloudWebserverSecurityGroup"
          ]
        }
      ]
    },
    {
      "module": "module.webserver",
      "mode": "managed",
      "type": "aws_autoscaling_policy",
      "name": "webserver_scaling_up",
      "provider": "provider[\"registry.terraform.io/hashicorp/aws\"]",
      "instances": [
        {
          "schema_version": 0,
          "attributes": {
            "adjustment_type": "ChangeInCapacity",
            "arn": "arn:aws:autoscaling:us-east-1:215325206860:scalingPolicy:1549c35c-d77a-4092-b7fe-53b63ef616b9:autoScalingGroupName/AWSCloud-WebSever:policyName/webserver-scaling-up",
            "autoscaling_group_name": "AWSCloud-WebSever",
            "cooldown": 0,
            "enabled": true,
            "estimated_instance_warmup": 0,
            "id": "webserver-scaling-up",
            "metric_aggregation_type": "",
            "min_adjustment_magnitude": 0,
            "name": "webserver-scaling-up",
            "policy_type": "SimpleScaling",
            "predictive_scaling_configuration": [],
            "scaling_adjustment": 1,
            "step_adjustment": [],
            "target_tracking_configuration": []
          },
          "sensitive_attributes": [],
          "private": "bnVsbA==",
          "dependencies": [
            "module.vpc.aws_subnet.cloudPublicSubnet1",
            "module.vpc.aws_subnet.cloudPublicSubnet2",
            "module.vpc.aws_vpc.Cloud-VPC",
            "module.webserver.aws_autoscaling_group.webserver_asg",
            "module.webserver.aws_launch_template.webserver_lt",
            "module.webserver.aws_lb_target_group.cloudTargetGroup",
            "module.webserver.aws_security_group.cloudWebserverSecurityGroup"
          ]
        }
      ]
    },
    {
      "module": "module.webserver",
      "mode": "managed",
      "type": "aws_cloudfront_distribution",
      "name": "webserver_cdn",
      "provider": "provider[\"registry.terraform.io/hashicorp/aws\"]",
      "instances": [
        {
          "schema_version": 1,
          "attributes": {
            "aliases": null,
            "arn": "arn:aws:cloudfront::215325206860:distribution/E13ZIB8I3YVZPX",
            "caller_reference": "terraform-20231214174744872700000001",
            "comment": "Web server CDN distribution",
            "custom_error_response": [],
            "default_cache_behavior": [
              {
                "allowed_methods": [
                  "GET",
                  "HEAD",
                  "OPTIONS"
                ],
                "cache_policy_id": "",
                "cached_methods": [
                  "GET",
                  "HEAD"
                ],
                "compress": false,
                "default_ttl": 0,
                "field_level_encryption_id": "",
                "forwarded_values": [
                  {
                    "cookies": [
                      {
                        "forward": "none",
                        "whitelisted_names": []
                      }
                    ],
                    "headers": [],
                    "query_string": false,
                    "query_string_cache_keys": []
                  }
                ],
                "function_association": [],
                "lambda_function_association": [],
                "max_ttl": 0,
                "min_ttl": 0,
                "origin_request_policy_id": "",
                "realtime_log_config_arn": "",
                "response_headers_policy_id": "",
                "smooth_streaming": false,
                "target_origin_id": "S3Origin",
                "trusted_key_groups": [],
                "trusted_signers": [],
                "viewer_protocol_policy": "redirect-to-https"
              }
            ],
            "default_root_object": "index.html",
            "domain_name": "d4w3dnorbozfq.cloudfront.net",
            "enabled": true,
            "etag": "EFAHQAJZ48NAL",
            "hosted_zone_id": "Z2FDTNDATAQYW2",
            "http_version": "http2",
            "id": "E13ZIB8I3YVZPX",
            "in_progress_validation_batches": 0,
            "is_ipv6_enabled": true,
            "last_modified_time": "2023-12-14 17:47:46.047 +0000 UTC",
            "logging_config": [],
            "ordered_cache_behavior": [],
            "origin": [
              {
                "connection_attempts": 3,
                "connection_timeout": 10,
                "custom_header": [],
                "custom_origin_config": [],
                "domain_name": "9960359594.s3.amazonaws.com",
                "origin_access_control_id": "",
                "origin_id": "S3Origin",
                "origin_path": "",
                "origin_shield": [],
                "s3_origin_config": []
              }
            ],
            "origin_group": [],
            "price_class": "PriceClass_100",
            "restrictions": [
              {
                "geo_restriction": [
                  {
                    "locations": [
                      "CA",
                      "US"
                    ],
                    "restriction_type": "whitelist"
                  }
                ]
              }
            ],
            "retain_on_delete": false,
            "status": "Deployed",
            "tags": {
              "name": "AWSCloud-CDN"
            },
            "tags_all": {
              "name": "AWSCloud-CDN"
            },
            "trusted_key_groups": [
              {
                "enabled": false,
                "items": []
              }
            ],
            "trusted_signers": [
              {
                "enabled": false,
                "items": []
              }
            ],
            "viewer_certificate": [
              {
                "acm_certificate_arn": "",
                "cloudfront_default_certificate": true,
                "iam_certificate_id": "",
                "minimum_protocol_version": "TLSv1",
                "ssl_support_method": ""
              }
            ],
            "wait_for_deployment": true,
            "web_acl_id": ""
          },
          "sensitive_attributes": [],
          "private": "eyJzY2hlbWFfdmVyc2lvbiI6IjEifQ==",
          "dependencies": [
            "module.webserver.aws_s3_bucket.webserver_bucket"
          ]
        }
      ]
    },
    {
      "module": "module.webserver",
      "mode": "managed",
      "type": "aws_cloudwatch_metric_alarm",
      "name": "cpu_utilization_high",
      "provider": "provider[\"registry.terraform.io/hashicorp/aws\"]",
      "instances": [
        {
          "schema_version": 1,
          "attributes": {
            "actions_enabled": true,
            "alarm_actions": [
              "arn:aws:autoscaling:us-east-1:215325206860:scalingPolicy:1549c35c-d77a-4092-b7fe-53b63ef616b9:autoScalingGroupName/AWSCloud-WebSever:policyName/webserver-scaling-up"
            ],
            "alarm_description": "Scale up when CPU utilization is high",
            "alarm_name": "cpu-utilization-high",
            "arn": "arn:aws:cloudwatch:us-east-1:215325206860:alarm:cpu-utilization-high",
            "comparison_operator": "GreaterThanOrEqualToThreshold",
            "datapoints_to_alarm": 0,
            "dimensions": {
              "AutoScalingGroupName": "AWSCloud-WebSever"
            },
            "evaluate_low_sample_count_percentiles": "",
            "evaluation_periods": 1,
            "extended_statistic": "",
            "id": "cpu-utilization-high",
            "insufficient_data_actions": null,
            "metric_name": "CPUUtilization",
            "metric_query": [],
            "namespace": "AWS/EC2",
            "ok_actions": null,
            "period": 60,
            "statistic": "Average",
            "tags": null,
            "tags_all": {},
            "threshold": 80,
            "threshold_metric_id": "",
            "treat_missing_data": "missing",
            "unit": ""
          },
          "sensitive_attributes": [],
          "private": "eyJzY2hlbWFfdmVyc2lvbiI6IjEifQ==",
          "dependencies": [
            "module.vpc.aws_subnet.cloudPublicSubnet1",
            "module.vpc.aws_subnet.cloudPublicSubnet2",
            "module.vpc.aws_vpc.Cloud-VPC",
            "module.webserver.aws_autoscaling_group.webserver_asg",
            "module.webserver.aws_autoscaling_policy.webserver_scaling_up",
            "module.webserver.aws_launch_template.webserver_lt",
            "module.webserver.aws_lb_target_group.cloudTargetGroup",
            "module.webserver.aws_security_group.cloudWebserverSecurityGroup"
          ]
        }
      ]
    },
    {
      "module": "module.webserver",
      "mode": "managed",
      "type": "aws_cloudwatch_metric_alarm",
      "name": "cpu_utilization_low",
      "provider": "provider[\"registry.terraform.io/hashicorp/aws\"]",
      "instances": [
        {
          "schema_version": 1,
          "attributes": {
            "actions_enabled": true,
            "alarm_actions": [
              "arn:aws:autoscaling:us-east-1:215325206860:scalingPolicy:39b40e10-9a22-44aa-8ba1-2c202cd94509:autoScalingGroupName/AWSCloud-WebSever:policyName/webserver-scaling-down"
            ],
            "alarm_description": "Scale down when CPU utilization is low",
            "alarm_name": "cpu-utilization-low",
            "arn": "arn:aws:cloudwatch:us-east-1:215325206860:alarm:cpu-utilization-low",
            "comparison_operator": "LessThanOrEqualToThreshold",
            "datapoints_to_alarm": 0,
            "dimensions": {
              "AutoScalingGroupName": "AWSCloud-WebSever"
            },
            "evaluate_low_sample_count_percentiles": "",
            "evaluation_periods": 1,
            "extended_statistic": "",
            "id": "cpu-utilization-low",
            "insufficient_data_actions": null,
            "metric_name": "CPUUtilization",
            "metric_query": [],
            "namespace": "AWS/EC2",
            "ok_actions": null,
            "period": 60,
            "statistic": "Average",
            "tags": null,
            "tags_all": {},
            "threshold": 20,
            "threshold_metric_id": "",
            "treat_missing_data": "missing",
            "unit": ""
          },
          "sensitive_attributes": [],
          "private": "eyJzY2hlbWFfdmVyc2lvbiI6IjEifQ==",
          "dependencies": [
            "module.vpc.aws_subnet.cloudPublicSubnet1",
            "module.vpc.aws_subnet.cloudPublicSubnet2",
            "module.vpc.aws_vpc.Cloud-VPC",
            "module.webserver.aws_autoscaling_group.webserver_asg",
            "module.webserver.aws_autoscaling_policy.webserver_scaling_down",
            "module.webserver.aws_launch_template.webserver_lt",
            "module.webserver.aws_lb_target_group.cloudTargetGroup",
            "module.webserver.aws_security_group.cloudWebserverSecurityGroup"
          ]
        }
      ]
    },
    {
      "module": "module.webserver",
      "mode": "managed",
      "type": "aws_cloudwatch_metric_alarm",
      "name": "ec2_instance_started_alarm",
      "provider": "provider[\"registry.terraform.io/hashicorp/aws\"]",
      "instances": [
        {
          "schema_version": 1,
          "attributes": {
            "actions_enabled": true,
            "alarm_actions": [
              "arn:aws:sns:us-east-1:215325206860:EC2-Stop-Notification-Topic"
            ],
            "alarm_description": "Alarm when EC2 instance is started",
            "alarm_name": "EC2-Instance-Started-Alarm",
            "arn": "arn:aws:cloudwatch:us-east-1:215325206860:alarm:EC2-Instance-Started-Alarm",
            "comparison_operator": "LessThanOrEqualToThreshold",
            "datapoints_to_alarm": 0,
            "dimensions": {
              "AutoScalingGroupName": "AWSCloud-WebSever"
            },
            "evaluate_low_sample_count_percentiles": "",
            "evaluation_periods": 1,
            "extended_statistic": "",
            "id": "EC2-Instance-Started-Alarm",
            "insufficient_data_actions": null,
            "metric_name": "StatusCheckFailed",
            "metric_query": [],
            "namespace": "AWS/EC2",
            "ok_actions": null,
            "period": 300,
            "statistic": "Maximum",
            "tags": null,
            "tags_all": {},
            "threshold": 0,
            "threshold_metric_id": "",
            "treat_missing_data": "missing",
            "unit": ""
          },
          "sensitive_attributes": [],
          "private": "eyJzY2hlbWFfdmVyc2lvbiI6IjEifQ==",
          "dependencies": [
            "module.vpc.aws_subnet.cloudPublicSubnet1",
            "module.vpc.aws_subnet.cloudPublicSubnet2",
            "module.vpc.aws_vpc.Cloud-VPC",
            "module.webserver.aws_autoscaling_group.webserver_asg",
            "module.webserver.aws_launch_template.webserver_lt",
            "module.webserver.aws_lb_target_group.cloudTargetGroup",
            "module.webserver.aws_security_group.cloudWebserverSecurityGroup",
            "module.webserver.aws_sns_topic.notification_topic"
          ]
        }
      ]
    },
    {
      "module": "module.webserver",
      "mode": "managed",
      "type": "aws_cloudwatch_metric_alarm",
      "name": "ec2_instance_stopped_alarm",
      "provider": "provider[\"registry.terraform.io/hashicorp/aws\"]",
      "instances": [
        {
          "schema_version": 1,
          "attributes": {
            "actions_enabled": true,
            "alarm_actions": [
              "arn:aws:sns:us-east-1:215325206860:EC2-Stop-Notification-Topic"
            ],
            "alarm_description": "Alarm when EC2 instance is stopped",
            "alarm_name": "EC2-Instance-Stopped-Alarm",
            "arn": "arn:aws:cloudwatch:us-east-1:215325206860:alarm:EC2-Instance-Stopped-Alarm",
            "comparison_operator": "GreaterThanOrEqualToThreshold",
            "datapoints_to_alarm": 0,
            "dimensions": {
              "AutoScalingGroupName": "AWSCloud-WebSever"
            },
            "evaluate_low_sample_count_percentiles": "",
            "evaluation_periods": 1,
            "extended_statistic": "",
            "id": "EC2-Instance-Stopped-Alarm",
            "insufficient_data_actions": null,
            "metric_name": "StatusCheckFailed",
            "metric_query": [],
            "namespace": "AWS/EC2",
            "ok_actions": null,
            "period": 300,
            "statistic": "Maximum",
            "tags": null,
            "tags_all": {},
            "threshold": 1,
            "threshold_metric_id": "",
            "treat_missing_data": "missing",
            "unit": ""
          },
          "sensitive_attributes": [],
          "private": "eyJzY2hlbWFfdmVyc2lvbiI6IjEifQ==",
          "dependencies": [
            "module.vpc.aws_subnet.cloudPublicSubnet1",
            "module.vpc.aws_subnet.cloudPublicSubnet2",
            "module.vpc.aws_vpc.Cloud-VPC",
            "module.webserver.aws_autoscaling_group.webserver_asg",
            "module.webserver.aws_launch_template.webserver_lt",
            "module.webserver.aws_lb_target_group.cloudTargetGroup",
            "module.webserver.aws_security_group.cloudWebserverSecurityGroup",
            "module.webserver.aws_sns_topic.notification_topic"
          ]
        }
      ]
    },
    {
      "module": "module.webserver",
      "mode": "managed",
      "type": "aws_instance",
      "name": "TOFFwebserver1",
      "provider": "provider[\"registry.terraform.io/hashicorp/aws\"]",
      "instances": [
        {
          "schema_version": 1,
          "attributes": {
            "ami": "ami-0da5629beb988998e",
            "arn": "arn:aws:ec2:us-east-1:215325206860:instance/i-0223607fc83532342",
            "associate_public_ip_address": true,
            "availability_zone": "us-east-1b",
            "capacity_reservation_specification": [
              {
                "capacity_reservation_preference": "open",
                "capacity_reservation_target": []
              }
            ],
            "cpu_core_count": 1,
            "cpu_options": [
              {
                "amd_sev_snp": "",
                "core_count": 1,
                "threads_per_core": 1
              }
            ],
            "cpu_threads_per_core": 1,
            "credit_specification": [
              {
                "cpu_credits": "standard"
              }
            ],
            "disable_api_stop": false,
            "disable_api_termination": false,
            "ebs_block_device": [],
            "ebs_optimized": false,
            "enclave_options": [
              {
                "enabled": false
              }
            ],
            "ephemeral_block_device": [],
            "get_password_data": false,
            "hibernation": false,
            "host_id": "",
            "host_resource_group_arn": null,
            "iam_instance_profile": "",
            "id": "i-0223607fc83532342",
            "instance_initiated_shutdown_behavior": "stop",
            "instance_state": "running",
            "instance_type": "t2.micro",
            "ipv6_address_count": 0,
            "ipv6_addresses": [],
            "key_name": "test",
            "launch_template": [],
            "maintenance_options": [
              {
                "auto_recovery": "default"
              }
            ],
            "metadata_options": [
              {
                "http_endpoint": "enabled",
                "http_put_response_hop_limit": 2,
                "http_tokens": "required",
                "instance_metadata_tags": "disabled"
              }
            ],
            "monitoring": false,
            "network_interface": [],
            "outpost_arn": "",
            "password_data": "",
            "placement_group": "",
            "placement_partition_number": 0,
            "primary_network_interface_id": "eni-04bccf1e03db6704c",
            "private_dns": "ip-10-0-0-51.ec2.internal",
            "private_dns_name_options": [
              {
                "enable_resource_name_dns_a_record": false,
                "enable_resource_name_dns_aaaa_record": false,
                "hostname_type": "ip-name"
              }
            ],
            "private_ip": "10.0.0.51",
            "public_dns": "",
            "public_ip": "54.227.180.233",
            "root_block_device": [
              {
                "delete_on_termination": true,
                "device_name": "/dev/xvda",
                "encrypted": true,
                "iops": 100,
                "kms_key_id": "arn:aws:kms:us-east-1:215325206860:key/57dcdd10-8321-46f0-ae14-5e0b4d6ddafe",
                "tags": null,
                "throughput": 0,
                "volume_id": "vol-03a7ea271a6d3e326",
                "volume_size": 30,
                "volume_type": "gp2"
              }
            ],
            "secondary_private_ips": [],
            "security_groups": [
              "sg-064cfecd04e6a0353"
            ],
            "source_dest_check": true,
            "subnet_id": "subnet-04ed84a8825c5abbb",
            "tags": {
              "Name": "AWSCloud-Webserver"
            },
            "tags_all": {
              "Name": "AWSCloud-Webserver"
            },
            "tenancy": "default",
            "timeouts": null,
            "user_data": "0e779441073d9addcb2be8cfa59e17f99fe7563f",
            "user_data_base64": null,
            "user_data_replace_on_change": false,
            "volume_tags": null,
            "vpc_security_group_ids": [
              "sg-064cfecd04e6a0353"
            ]
          },
          "sensitive_attributes": [],
          "private": "eyJlMmJmYjczMC1lY2FhLTExZTYtOGY4OC0zNDM2M2JjN2M0YzAiOnsiY3JlYXRlIjo2MDAwMDAwMDAwMDAsImRlbGV0ZSI6MTIwMDAwMDAwMDAwMCwidXBkYXRlIjo2MDAwMDAwMDAwMDB9LCJzY2hlbWFfdmVyc2lvbiI6IjEifQ==",
          "dependencies": [
            "module.vpc.aws_subnet.cloudPublicSubnet1",
            "module.vpc.aws_subnet.cloudPublicSubnet2",
            "module.vpc.aws_vpc.Cloud-VPC",
            "module.webserver.aws_security_group.cloudWebserverSecurityGroup"
          ]
        }
      ]
    },
    {
      "module": "module.webserver",
      "mode": "managed",
      "type": "aws_instance",
      "name": "TOFFwebserver2",
      "provider": "provider[\"registry.terraform.io/hashicorp/aws\"]",
      "instances": [
        {
          "schema_version": 1,
          "attributes": {
            "ami": "ami-0da5629beb988998e",
            "arn": "arn:aws:ec2:us-east-1:215325206860:instance/i-03a7c396d4dc3766e",
            "associate_public_ip_address": true,
            "availability_zone": "us-east-1b",
            "capacity_reservation_specification": [
              {
                "capacity_reservation_preference": "open",
                "capacity_reservation_target": []
              }
            ],
            "cpu_core_count": 1,
            "cpu_options": [
              {
                "amd_sev_snp": "",
                "core_count": 1,
                "threads_per_core": 1
              }
            ],
            "cpu_threads_per_core": 1,
            "credit_specification": [
              {
                "cpu_credits": "standard"
              }
            ],
            "disable_api_stop": false,
            "disable_api_termination": false,
            "ebs_block_device": [],
            "ebs_optimized": false,
            "enclave_options": [
              {
                "enabled": false
              }
            ],
            "ephemeral_block_device": [],
            "get_password_data": false,
            "hibernation": false,
            "host_id": "",
            "host_resource_group_arn": null,
            "iam_instance_profile": "",
            "id": "i-03a7c396d4dc3766e",
            "instance_initiated_shutdown_behavior": "stop",
            "instance_state": "running",
            "instance_type": "t2.micro",
            "ipv6_address_count": 0,
            "ipv6_addresses": [],
            "key_name": "test",
            "launch_template": [],
            "maintenance_options": [
              {
                "auto_recovery": "default"
              }
            ],
            "metadata_options": [
              {
                "http_endpoint": "enabled",
                "http_put_response_hop_limit": 2,
                "http_tokens": "required",
                "instance_metadata_tags": "disabled"
              }
            ],
            "monitoring": false,
            "network_interface": [],
            "outpost_arn": "",
            "password_data": "",
            "placement_group": "",
            "placement_partition_number": 0,
            "primary_network_interface_id": "eni-00e8c12f750847abf",
            "private_dns": "ip-10-0-0-160.ec2.internal",
            "private_dns_name_options": [
              {
                "enable_resource_name_dns_a_record": false,
                "enable_resource_name_dns_aaaa_record": false,
                "hostname_type": "ip-name"
              }
            ],
            "private_ip": "10.0.0.160",
            "public_dns": "",
            "public_ip": "54.172.97.20",
            "root_block_device": [
              {
                "delete_on_termination": true,
                "device_name": "/dev/xvda",
                "encrypted": true,
                "iops": 100,
                "kms_key_id": "arn:aws:kms:us-east-1:215325206860:key/57dcdd10-8321-46f0-ae14-5e0b4d6ddafe",
                "tags": null,
                "throughput": 0,
                "volume_id": "vol-0845af3c16c20347d",
                "volume_size": 30,
                "volume_type": "gp2"
              }
            ],
            "secondary_private_ips": [],
            "security_groups": [
              "sg-064cfecd04e6a0353"
            ],
            "source_dest_check": true,
            "subnet_id": "subnet-04ed84a8825c5abbb",
            "tags": {
              "Name": "AWSCloud-Webserver"
            },
            "tags_all": {
              "Name": "AWSCloud-Webserver"
            },
            "tenancy": "default",
            "timeouts": null,
            "user_data": "4cdef05b05896d65e4c49e558d350a81a727b293",
            "user_data_base64": null,
            "user_data_replace_on_change": false,
            "volume_tags": null,
            "vpc_security_group_ids": [
              "sg-064cfecd04e6a0353"
            ]
          },
          "sensitive_attributes": [],
          "private": "eyJlMmJmYjczMC1lY2FhLTExZTYtOGY4OC0zNDM2M2JjN2M0YzAiOnsiY3JlYXRlIjo2MDAwMDAwMDAwMDAsImRlbGV0ZSI6MTIwMDAwMDAwMDAwMCwidXBkYXRlIjo2MDAwMDAwMDAwMDB9LCJzY2hlbWFfdmVyc2lvbiI6IjEifQ==",
          "dependencies": [
            "module.vpc.aws_subnet.cloudPublicSubnet1",
            "module.vpc.aws_subnet.cloudPublicSubnet2",
            "module.vpc.aws_vpc.Cloud-VPC",
            "module.webserver.aws_security_group.cloudWebserverSecurityGroup"
          ]
        }
      ]
    },
    {
      "module": "module.webserver",
      "mode": "managed",
      "type": "aws_launch_template",
      "name": "webserver_lt",
      "provider": "provider[\"registry.terraform.io/hashicorp/aws\"]",
      "instances": [
        {
          "schema_version": 0,
          "attributes": {
            "arn": "arn:aws:ec2:us-east-1:215325206860:launch-template/lt-0416bc687607383ce",
            "block_device_mappings": [
              {
                "device_name": "/dev/xvda",
                "ebs": [
                  {
                    "delete_on_termination": "",
                    "encrypted": "true",
                    "iops": 0,
                    "kms_key_id": "",
                    "snapshot_id": "",
                    "throughput": 0,
                    "volume_size": 30,
                    "volume_type": "gp2"
                  }
                ],
                "no_device": "",
                "virtual_name": ""
              }
            ],
            "capacity_reservation_specification": [],
            "cpu_options": [],
            "credit_specification": [],
            "default_version": 1,
            "description": "",
            "disable_api_stop": false,
            "disable_api_termination": false,
            "ebs_optimized": "",
            "elastic_gpu_specifications": [],
            "elastic_inference_accelerator": [],
            "enclave_options": [],
            "hibernation_options": [],
            "iam_instance_profile": [],
            "id": "lt-0416bc687607383ce",
            "image_id": "ami-0da5629beb988998e",
            "instance_initiated_shutdown_behavior": "",
            "instance_market_options": [],
            "instance_requirements": [],
            "instance_type": "t2.micro",
            "kernel_id": "",
            "key_name": "test",
            "latest_version": 1,
            "license_specification": [],
            "maintenance_options": [],
            "metadata_options": [],
            "monitoring": [],
            "name": "terraform-20231214174747983600000004",
            "name_prefix": "terraform-",
            "network_interfaces": [
              {
                "associate_carrier_ip_address": "",
                "associate_public_ip_address": "true",
                "delete_on_termination": "",
                "description": "",
                "device_index": 0,
                "interface_type": "",
                "ipv4_address_count": 0,
                "ipv4_addresses": null,
                "ipv4_prefix_count": 0,
                "ipv4_prefixes": null,
                "ipv6_address_count": 0,
                "ipv6_addresses": null,
                "ipv6_prefix_count": 0,
                "ipv6_prefixes": null,
                "network_card_index": 0,
                "network_interface_id": "",
                "private_ip_address": "",
                "security_groups": [
                  "sg-064cfecd04e6a0353"
                ],
                "subnet_id": "subnet-04ed84a8825c5abbb"
              }
            ],
            "placement": [],
            "private_dns_name_options": [],
            "ram_disk_id": "",
            "security_group_names": null,
            "tag_specifications": [],
            "tags": {
              "Name": "AWSCloud-WebserverLaunchTemplate"
            },
            "tags_all": {
              "Name": "AWSCloud-WebserverLaunchTemplate"
            },
            "update_default_version": null,
            "user_data": "ICAgICMhL2Jpbi9iYXNoIC14ZQpzdWRvIHN1Cnl1bSB1cGRhdGUgLXkKeXVtIGluc3RhbGwgLXkgaHR0cGQKCiMgRG93bmxvYWQgdGhlIFpJUCBmaWxlCmN1cmwgLW8gL3RtcC9lZmx5ZXIuemlwIGh0dHBzOi8vd3d3LmZyZWUtY3NzLmNvbS9hc3NldHMvZmlsZXMvZnJlZS1jc3MtdGVtcGxhdGVzL2Rvd25sb2FkL3BhZ2UyODcvZWZseWVyLnppcAoKIyBFeHRyYWN0IHRoZSBaSVAgZmlsZSB0byB0aGUgd2ViIHNlcnZlciByb290IGRpcmVjdG9yeQp1bnppcCAtbyAvdG1wL2VmbHllci56aXAgLWQgL3Zhci93d3cvCiAgICAKCiMgU3RhcnQgdGhlIHdlYiBzZXJ2ZXIKc2VydmljZSBodHRwZCBzdGFydAoKIyBFbnN1cmUgdGhlIHdlYiBzZXJ2ZXIgc3RhcnRzIG9uIGJvb3QKY2hrY29uZmlnIGh0dHBkIG9uCgo=",
            "vpc_security_group_ids": null
          },
          "sensitive_attributes": [],
          "private": "bnVsbA==",
          "dependencies": [
            "module.vpc.aws_subnet.cloudPublicSubnet1",
            "module.vpc.aws_subnet.cloudPublicSubnet2",
            "module.vpc.aws_vpc.Cloud-VPC",
            "module.webserver.aws_security_group.cloudWebserverSecurityGroup"
          ]
        }
      ]
    },
    {
      "module": "module.webserver",
      "mode": "managed",
      "type": "aws_lb",
      "name": "cloudLoadBalancer",
      "provider": "provider[\"registry.terraform.io/hashicorp/aws\"]",
      "instances": [
        {
          "schema_version": 0,
          "attributes": {
            "access_logs": [
              {
                "bucket": "",
                "enabled": false,
                "prefix": ""
              }
            ],
            "arn": "arn:aws:elasticloadbalancing:us-east-1:215325206860:loadbalancer/app/web-app-lb/82237e1a7f752941",
            "arn_suffix": "app/web-app-lb/82237e1a7f752941",
            "customer_owned_ipv4_pool": "",
            "desync_mitigation_mode": "defensive",
            "dns_name": "web-app-lb-771255575.us-east-1.elb.amazonaws.com",
            "drop_invalid_header_fields": false,
            "enable_cross_zone_load_balancing": true,
            "enable_deletion_protection": false,
            "enable_http2": true,
            "enable_tls_version_and_cipher_suite_headers": false,
            "enable_waf_fail_open": false,
            "enable_xff_client_port": false,
            "id": "arn:aws:elasticloadbalancing:us-east-1:215325206860:loadbalancer/app/web-app-lb/82237e1a7f752941",
            "idle_timeout": 60,
            "internal": false,
            "ip_address_type": "ipv4",
            "load_balancer_type": "application",
            "name": "web-app-lb",
            "name_prefix": null,
            "preserve_host_header": false,
            "security_groups": [
              "sg-064cfecd04e6a0353"
            ],
            "subnet_mapping": [
              {
                "allocation_id": "",
                "ipv6_address": "",
                "outpost_id": "",
                "private_ipv4_address": "",
                "subnet_id": "subnet-04ed84a8825c5abbb"
              },
              {
                "allocation_id": "",
                "ipv6_address": "",
                "outpost_id": "",
                "private_ipv4_address": "",
                "subnet_id": "subnet-055543af149d2e77b"
              }
            ],
            "subnets": [
              "subnet-04ed84a8825c5abbb",
              "subnet-055543af149d2e77b"
            ],
            "tags": {
              "Name": "AWSCloud-LoadBalancer",
              "Project": "Demo"
            },
            "tags_all": {
              "Name": "AWSCloud-LoadBalancer",
              "Project": "Demo"
            },
            "timeouts": null,
            "vpc_id": "vpc-03021be1b2fbb250f",
            "xff_header_processing_mode": "append",
            "zone_id": "Z35SXDOTRQ7X7K"
          },
          "sensitive_attributes": [],
          "private": "eyJlMmJmYjczMC1lY2FhLTExZTYtOGY4OC0zNDM2M2JjN2M0YzAiOnsiY3JlYXRlIjo2MDAwMDAwMDAwMDAsImRlbGV0ZSI6NjAwMDAwMDAwMDAwLCJ1cGRhdGUiOjYwMDAwMDAwMDAwMH19",
          "dependencies": [
            "module.vpc.aws_subnet.cloudPublicSubnet1",
            "module.vpc.aws_subnet.cloudPublicSubnet2",
            "module.vpc.aws_vpc.Cloud-VPC",
            "module.webserver.aws_security_group.cloudWebserverSecurityGroup"
          ]
        }
      ]
    },
    {
      "module": "module.webserver",
      "mode": "managed",
      "type": "aws_lb_listener",
      "name": "cloudLbListener",
      "provider": "provider[\"registry.terraform.io/hashicorp/aws\"]",
      "instances": [
        {
          "schema_version": 0,
          "attributes": {
            "alpn_policy": null,
            "arn": "arn:aws:elasticloadbalancing:us-east-1:215325206860:listener/app/web-app-lb/82237e1a7f752941/532b2c99da068037",
            "certificate_arn": null,
            "default_action": [
              {
                "authenticate_cognito": [],
                "authenticate_oidc": [],
                "fixed_response": [],
                "forward": [],
                "order": 1,
                "redirect": [],
                "target_group_arn": "arn:aws:elasticloadbalancing:us-east-1:215325206860:targetgroup/AWSCloud-TargetGroup/1cf0b2ba7c6f7940",
                "type": "forward"
              }
            ],
            "id": "arn:aws:elasticloadbalancing:us-east-1:215325206860:listener/app/web-app-lb/82237e1a7f752941/532b2c99da068037",
            "load_balancer_arn": "arn:aws:elasticloadbalancing:us-east-1:215325206860:loadbalancer/app/web-app-lb/82237e1a7f752941",
            "port": 80,
            "protocol": "HTTP",
            "ssl_policy": "",
            "tags": null,
            "tags_all": {},
            "timeouts": null
          },
          "sensitive_attributes": [],
          "private": "eyJlMmJmYjczMC1lY2FhLTExZTYtOGY4OC0zNDM2M2JjN2M0YzAiOnsicmVhZCI6NjAwMDAwMDAwMDAwfX0=",
          "dependencies": [
            "module.vpc.aws_subnet.cloudPublicSubnet1",
            "module.vpc.aws_subnet.cloudPublicSubnet2",
            "module.vpc.aws_vpc.Cloud-VPC",
            "module.webserver.aws_lb.cloudLoadBalancer",
            "module.webserver.aws_lb_target_group.cloudTargetGroup",
            "module.webserver.aws_security_group.cloudWebserverSecurityGroup"
          ]
        }
      ]
    },
    {
      "module": "module.webserver",
      "mode": "managed",
      "type": "aws_lb_target_group",
      "name": "cloudTargetGroup",
      "provider": "provider[\"registry.terraform.io/hashicorp/aws\"]",
      "instances": [
        {
          "schema_version": 0,
          "attributes": {
            "arn": "arn:aws:elasticloadbalancing:us-east-1:215325206860:targetgroup/AWSCloud-TargetGroup/1cf0b2ba7c6f7940",
            "arn_suffix": "targetgroup/AWSCloud-TargetGroup/1cf0b2ba7c6f7940",
            "connection_termination": false,
            "deregistration_delay": "300",
            "health_check": [
              {
                "enabled": true,
                "healthy_threshold": 2,
                "interval": 15,
                "matcher": "200",
                "path": "/",
                "port": "traffic-port",
                "protocol": "HTTP",
                "timeout": 3,
                "unhealthy_threshold": 2
              }
            ],
            "id": "arn:aws:elasticloadbalancing:us-east-1:215325206860:targetgroup/AWSCloud-TargetGroup/1cf0b2ba7c6f7940",
            "ip_address_type": "ipv4",
            "lambda_multi_value_headers_enabled": false,
            "load_balancing_algorithm_type": "round_robin",
            "load_balancing_cross_zone_enabled": "use_load_balancer_configuration",
            "name": "AWSCloud-TargetGroup",
            "name_prefix": null,
            "port": 80,
            "preserve_client_ip": null,
            "protocol": "HTTP",
            "protocol_version": "HTTP1",
            "proxy_protocol_v2": false,
            "slow_start": 0,
            "stickiness": [
              {
                "cookie_duration": 86400,
                "cookie_name": "",
                "enabled": false,
                "type": "lb_cookie"
              }
            ],
            "tags": {
              "Name": "AWSCloud-TargetGroup",
              "Project": "Demo"
            },
            "tags_all": {
              "Name": "AWSCloud-TargetGroup",
              "Project": "Demo"
            },
            "target_failover": [
              {
                "on_deregistration": null,
                "on_unhealthy": null
              }
            ],
            "target_type": "instance",
            "vpc_id": "vpc-03021be1b2fbb250f"
          },
          "sensitive_attributes": [],
          "private": "bnVsbA==",
          "dependencies": [
            "module.vpc.aws_vpc.Cloud-VPC"
          ]
        }
      ]
    },
    {
      "module": "module.webserver",
      "mode": "managed",
      "type": "aws_lb_target_group_attachment",
      "name": "TOFFwebserver1",
      "provider": "provider[\"registry.terraform.io/hashicorp/aws\"]",
      "instances": [
        {
          "schema_version": 0,
          "attributes": {
            "availability_zone": null,
            "id": "arn:aws:elasticloadbalancing:us-east-1:215325206860:targetgroup/AWSCloud-TargetGroup/1cf0b2ba7c6f7940-20231214174824627700000009",
            "port": 80,
            "target_group_arn": "arn:aws:elasticloadbalancing:us-east-1:215325206860:targetgroup/AWSCloud-TargetGroup/1cf0b2ba7c6f7940",
            "target_id": "i-0223607fc83532342"
          },
          "sensitive_attributes": [],
          "private": "bnVsbA==",
          "dependencies": [
            "module.vpc.aws_subnet.cloudPublicSubnet1",
            "module.vpc.aws_subnet.cloudPublicSubnet2",
            "module.vpc.aws_vpc.Cloud-VPC",
            "module.webserver.aws_instance.TOFFwebserver1",
            "module.webserver.aws_lb_target_group.cloudTargetGroup",
            "module.webserver.aws_security_group.cloudWebserverSecurityGroup"
          ]
        }
      ]
    },
    {
      "module": "module.webserver",
      "mode": "managed",
      "type": "aws_lb_target_group_attachment",
      "name": "TOFFwebserver2",
      "provider": "provider[\"registry.terraform.io/hashicorp/aws\"]",
      "instances": [
        {
          "schema_version": 0,
          "attributes": {
            "availability_zone": null,
            "id": "arn:aws:elasticloadbalancing:us-east-1:215325206860:targetgroup/AWSCloud-TargetGroup/1cf0b2ba7c6f7940-20231214174824139000000008",
            "port": 80,
            "target_group_arn": "arn:aws:elasticloadbalancing:us-east-1:215325206860:targetgroup/AWSCloud-TargetGroup/1cf0b2ba7c6f7940",
            "target_id": "i-03a7c396d4dc3766e"
          },
          "sensitive_attributes": [],
          "private": "bnVsbA==",
          "dependencies": [
            "module.vpc.aws_subnet.cloudPublicSubnet1",
            "module.vpc.aws_subnet.cloudPublicSubnet2",
            "module.vpc.aws_vpc.Cloud-VPC",
            "module.webserver.aws_instance.TOFFwebserver2",
            "module.webserver.aws_lb_target_group.cloudTargetGroup",
            "module.webserver.aws_security_group.cloudWebserverSecurityGroup"
          ]
        }
      ]
    },
    {
      "module": "module.webserver",
      "mode": "managed",
      "type": "aws_s3_bucket",
      "name": "webserver_bucket",
      "provider": "provider[\"registry.terraform.io/hashicorp/aws\"]",
      "instances": [
        {
          "schema_version": 0,
          "attributes": {
            "acceleration_status": "",
            "acl": "private",
            "arn": "arn:aws:s3:::9960359594",
            "bucket": "9960359594",
            "bucket_domain_name": "9960359594.s3.amazonaws.com",
            "bucket_prefix": "",
            "bucket_regional_domain_name": "9960359594.s3.amazonaws.com",
            "cors_rule": [],
            "force_destroy": false,
            "grant": [
              {
                "id": "a41dae40e1ee36b17c93349e400b65bdedef14f14d554d089ef7eb3f37f8ca18",
                "permissions": [
                  "FULL_CONTROL"
                ],
                "type": "CanonicalUser",
                "uri": ""
              }
            ],
            "hosted_zone_id": "Z3AQBSTGFYJSTF",
            "id": "9960359594",
            "lifecycle_rule": [],
            "logging": [],
            "object_lock_configuration": [],
            "object_lock_enabled": false,
            "policy": "",
            "region": "us-east-1",
            "replication_configuration": [],
            "request_payer": "BucketOwner",
            "server_side_encryption_configuration": [
              {
                "rule": [
                  {
                    "apply_server_side_encryption_by_default": [
                      {
                        "kms_master_key_id": "",
                        "sse_algorithm": "AES256"
                      }
                    ],
                    "bucket_key_enabled": false
                  }
                ]
              }
            ],
            "tags": null,
            "tags_all": {},
            "timeouts": null,
            "versioning": [
              {
                "enabled": false,
                "mfa_delete": false
              }
            ],
            "website": [],
            "website_domain": null,
            "website_endpoint": null
          },
          "sensitive_attributes": [],
          "private": "eyJlMmJmYjczMC1lY2FhLTExZTYtOGY4OC0zNDM2M2JjN2M0YzAiOnsiY3JlYXRlIjoxMjAwMDAwMDAwMDAwLCJkZWxldGUiOjM2MDAwMDAwMDAwMDAsInJlYWQiOjEyMDAwMDAwMDAwMDAsInVwZGF0ZSI6MTIwMDAwMDAwMDAwMH19"
        }
      ]
    },
    {
      "module": "module.webserver",
      "mode": "managed",
      "type": "aws_security_group",
      "name": "cloudWebserverSecurityGroup",
      "provider": "provider[\"registry.terraform.io/hashicorp/aws\"]",
      "instances": [
        {
          "schema_version": 1,
          "attributes": {
            "arn": "arn:aws:ec2:us-east-1:215325206860:security-group/sg-064cfecd04e6a0353",
            "description": "Allow ssh http inbound traffic",
            "egress": [
              {
                "cidr_blocks": [
                  "0.0.0.0/0"
                ],
                "description": "",
                "from_port": 0,
                "ipv6_cidr_blocks": [],
                "prefix_list_ids": [],
                "protocol": "-1",
                "security_groups": [],
                "self": false,
                "to_port": 0
              }
            ],
            "id": "sg-064cfecd04e6a0353",
            "ingress": [
              {
                "cidr_blocks": [
                  "0.0.0.0/0"
                ],
                "description": "",
                "from_port": 22,
                "ipv6_cidr_blocks": [],
                "prefix_list_ids": [],
                "protocol": "tcp",
                "security_groups": [],
                "self": false,
                "to_port": 22
              },
              {
                "cidr_blocks": [
                  "0.0.0.0/0"
                ],
                "description": "",
                "from_port": 80,
                "ipv6_cidr_blocks": [],
                "prefix_list_ids": [],
                "protocol": "tcp",
                "security_groups": [],
                "self": false,
                "to_port": 80
              }
            ],
            "name": "allow_ssh_hhtp",
            "name_prefix": "",
            "owner_id": "215325206860",
            "revoke_rules_on_delete": false,
            "tags": {
              "Name": "AWSCloud-WebserverSecurityGroup",
              "Project": "Demo"
            },
            "tags_all": {
              "Name": "AWSCloud-WebserverSecurityGroup",
              "Project": "Demo"
            },
            "timeouts": null,
            "vpc_id": "vpc-03021be1b2fbb250f"
          },
          "sensitive_attributes": [],
          "private": "eyJlMmJmYjczMC1lY2FhLTExZTYtOGY4OC0zNDM2M2JjN2M0YzAiOnsiY3JlYXRlIjo2MDAwMDAwMDAwMDAsImRlbGV0ZSI6OTAwMDAwMDAwMDAwfSwic2NoZW1hX3ZlcnNpb24iOiIxIn0=",
          "dependencies": [
            "module.vpc.aws_vpc.Cloud-VPC"
          ]
        }
      ]
    },
    {
      "module": "module.webserver",
      "mode": "managed",
      "type": "aws_sns_topic",
      "name": "notification_topic",
      "provider": "provider[\"registry.terraform.io/hashicorp/aws\"]",
      "instances": [
        {
          "schema_version": 0,
          "attributes": {
            "application_failure_feedback_role_arn": "",
            "application_success_feedback_role_arn": "",
            "application_success_feedback_sample_rate": 0,
            "arn": "arn:aws:sns:us-east-1:215325206860:EC2-Stop-Notification-Topic",
            "content_based_deduplication": false,
            "delivery_policy": "",
            "display_name": "",
            "fifo_topic": false,
            "firehose_failure_feedback_role_arn": "",
            "firehose_success_feedback_role_arn": "",
            "firehose_success_feedback_sample_rate": 0,
            "http_failure_feedback_role_arn": "",
            "http_success_feedback_role_arn": "",
            "http_success_feedback_sample_rate": 0,
            "id": "arn:aws:sns:us-east-1:215325206860:EC2-Stop-Notification-Topic",
            "kms_master_key_id": "",
            "lambda_failure_feedback_role_arn": "",
            "lambda_success_feedback_role_arn": "",
            "lambda_success_feedback_sample_rate": 0,
            "name": "EC2-Stop-Notification-Topic",
            "name_prefix": "",
            "owner": "215325206860",
            "policy": "{\"Id\":\"__default_policy_ID\",\"Statement\":[{\"Action\":[\"SNS:GetTopicAttributes\",\"SNS:SetTopicAttributes\",\"SNS:AddPermission\",\"SNS:RemovePermission\",\"SNS:DeleteTopic\",\"SNS:Subscribe\",\"SNS:ListSubscriptionsByTopic\",\"SNS:Publish\"],\"Condition\":{\"StringEquals\":{\"AWS:SourceOwner\":\"215325206860\"}},\"Effect\":\"Allow\",\"Principal\":{\"AWS\":\"*\"},\"Resource\":\"arn:aws:sns:us-east-1:215325206860:EC2-Stop-Notification-Topic\",\"Sid\":\"__default_statement_ID\"}],\"Version\":\"2008-10-17\"}",
            "signature_version": 0,
            "sqs_failure_feedback_role_arn": "",
            "sqs_success_feedback_role_arn": "",
            "sqs_success_feedback_sample_rate": 0,
            "tags": null,
            "tags_all": {},
            "tracing_config": ""
          },
          "sensitive_attributes": [],
          "private": "bnVsbA=="
        }
      ]
    },
    {
      "module": "module.webserver",
      "mode": "managed",
      "type": "aws_sns_topic_subscription",
      "name": "email_subscription",
      "provider": "provider[\"registry.terraform.io/hashicorp/aws\"]",
      "instances": [
        {
          "schema_version": 0,
          "attributes": {
            "arn": "arn:aws:sns:us-east-1:215325206860:EC2-Stop-Notification-Topic:bf74bfe7-57d4-4c29-8d02-60d12eee6df8",
            "confirmation_timeout_in_minutes": 1,
            "confirmation_was_authenticated": false,
            "delivery_policy": "",
            "endpoint": "bedadek@gmail.com",
            "endpoint_auto_confirms": false,
            "filter_policy": "",
            "filter_policy_scope": "",
            "id": "arn:aws:sns:us-east-1:215325206860:EC2-Stop-Notification-Topic:bf74bfe7-57d4-4c29-8d02-60d12eee6df8",
            "owner_id": "215325206860",
            "pending_confirmation": true,
            "protocol": "email",
            "raw_message_delivery": false,
            "redrive_policy": "",
            "subscription_role_arn": "",
            "topic_arn": "arn:aws:sns:us-east-1:215325206860:EC2-Stop-Notification-Topic"
          },
          "sensitive_attributes": [],
          "private": "bnVsbA==",
          "dependencies": [
            "module.webserver.aws_sns_topic.notification_topic"
          ]
        }
      ]
    }
  ],
  "check_results": null
}
